
Microsoft Visual Studio Solution File, Format Version 12.00
# Visual Studio Version 16
VisualStudioVersion = 16.0.29403.142
MinimumVisualStudioVersion = 10.0.40219.1
Project("{8BC9CEB8-8B4A-11D0-8D11-00A0C91BC942}") = "OperationApplication01", "OperationApplication01\OperationApplication01.vcxproj", "{8576AC5D-FB5E-430D-877A-36BC63EACD21}"
EndProject
Project("{8BC9CEB8-8B4A-11D0-8D11-00A0C91BC942}") = "OperationApplication02", "OperationApplication02\OperationApplication02.vcxproj", "{49BA859F-8526-4D62-820A-E3BDA8102449}"
EndProject
Project("{8BC9CEB8-8B4A-11D0-8D11-00A0C91BC942}") = "OperationApplication03", "OperationApplication03\OperationApplication03.vcxproj", "{F9E48552-C9AB-4320-B15B-4222111565FF}"
EndProject
Project("{8BC9CEB8-8B4A-11D0-8D11-00A0C91BC942}") = "OperationApplication04", "OperationApplication04\OperationApplication04.vcxproj", "{963C1BF8-CBD9-4220-BAAC-38213111D64A}"
EndProject
Project("{8BC9CEB8-8B4A-11D0-8D11-00A0C91BC942}") = "OperationApplication05", "OperationApplication05\OperationApplication05.vcxproj", "{6CC92B91-9BF4-42CB-9E6F-AC4A2F32E5A9}"
EndProject
Project("{8BC9CEB8-8B4A-11D0-8D11-00A0C91BC942}") = "OperationApplication06", "OperationApplication06\OperationApplication06.vcxproj", "{A79229C3-4A3C-4923-AE64-C8FD5C8599D0}"
EndProject
Project("{8BC9CEB8-8B4A-11D0-8D11-00A0C91BC942}") = "OperationApplication07", "OperationApplication07\OperationApplication07.vcxproj", "{14910888-0249-42FE-8141-FD3C96B798BB}"
EndProject
Project("{8BC9CEB8-8B4A-11D0-8D11-00A0C91BC942}") = "OperationApplication08", "OperationApplication08\OperationApplication08.vcxproj", "{F6B93EF2-EA01-412D-9652-324DFD083DE0}"
EndProject
Project("{8BC9CEB8-8B4A-11D0-8D11-00A0C91BC942}") = "OperationApplication09", "OperationApplication09\OperationApplication09.vcxproj", "{E45CFFA4-F574-4D8C-AC7E-6F6737DDE756}"
EndProject
Project("{8BC9CEB8-8B4A-11D0-8D11-00A0C91BC942}") = "OperationApplication10", "OperationApplication10\OperationApplication10.vcxproj", "{5FE4D32E-C9BE-4FBA-9597-B695155B1276}"
EndProject
Project("{8BC9CEB8-8B4A-11D0-8D11-00A0C91BC942}") = "OperationApplication11", "OperationApplication11\OperationApplication11.vcxproj", "{685F4995-0E2A-4931-B3F7-33CC7DB7B929}"
EndProject
Project("{8BC9CEB8-8B4A-11D0-8D11-00A0C91BC942}") = "OperationApplication12", "OperationApplication12\OperationApplication12.vcxproj", "{D8D1FA59-3BBF-4D1A-BE26-747ABE46CC58}"
EndProject
Global
	GlobalSection(SolutionConfigurationPlatforms) = preSolution
		Debug|x64 = Debug|x64
		Debug|x86 = Debug|x86
		Release|x64 = Release|x64
		Release|x86 = Release|x86
	EndGlobalSection
	GlobalSection(ProjectConfigurationPlatforms) = postSolution
		{8576AC5D-FB5E-430D-877A-36BC63EACD21}.Debug|x64.ActiveCfg = Debug|x64
		{8576AC5D-FB5E-430D-877A-36BC63EACD21}.Debug|x64.Build.0 = Debug|x64
		{8576AC5D-FB5E-430D-877A-36BC63EACD21}.Debug|x86.ActiveCfg = Debug|Win32
		{8576AC5D-FB5E-430D-877A-36BC63EACD21}.Debug|x86.Build.0 = Debug|Win32
		{8576AC5D-FB5E-430D-877A-36BC63EACD21}.Release|x64.ActiveCfg = Release|x64
		{8576AC5D-FB5E-430D-877A-36BC63EACD21}.Release|x64.Build.0 = Release|x64
		{8576AC5D-FB5E-430D-877A-36BC63EACD21}.Release|x86.ActiveCfg = Release|Win32
		{8576AC5D-FB5E-430D-877A-36BC63EACD21}.Release|x86.Build.0 = Release|Win32
		{49BA859F-8526-4D62-820A-E3BDA8102449}.Debug|x64.ActiveCfg = Debug|x64
		{49BA859F-8526-4D62-820A-E3BDA8102449}.Debug|x64.Build.0 = Debug|x64
		{49BA859F-8526-4D62-820A-E3BDA8102449}.Debug|x86.ActiveCfg = Debug|Win32
		{49BA859F-8526-4D62-820A-E3BDA8102449}.Debug|x86.Build.0 = Debug|Win32
		{49BA859F-8526-4D62-820A-E3BDA8102449}.Release|x64.ActiveCfg = Release|x64
		{49BA859F-8526-4D62-820A-E3BDA8102449}.Release|x64.Build.0 = Release|x64
		{49BA859F-8526-4D62-820A-E3BDA8102449}.Release|x86.ActiveCfg = Release|Win32
		{49BA859F-8526-4D62-820A-E3BDA8102449}.Release|x86.Build.0 = Release|Win32
		{F9E48552-C9AB-4320-B15B-4222111565FF}.Debug|x64.ActiveCfg = Debug|x64
		{F9E48552-C9AB-4320-B15B-4222111565FF}.Debug|x64.Build.0 = Debug|x64
		{F9E48552-C9AB-4320-B15B-4222111565FF}.Debug|x86.ActiveCfg = Debug|Win32
		{F9E48552-C9AB-4320-B15B-4222111565FF}.Debug|x86.Build.0 = Debug|Win32
		{F9E48552-C9AB-4320-B15B-4222111565FF}.Release|x64.ActiveCfg = Release|x64
		{F9E48552-C9AB-4320-B15B-4222111565FF}.Release|x64.Build.0 = Release|x64
		{F9E48552-C9AB-4320-B15B-4222111565FF}.Release|x86.ActiveCfg = Release|Win32
		{F9E48552-C9AB-4320-B15B-4222111565FF}.Release|x86.Build.0 = Release|Win32
		{963C1BF8-CBD9-4220-BAAC-38213111D64A}.Debug|x64.ActiveCfg = Debug|x64
		{963C1BF8-CBD9-4220-BAAC-38213111D64A}.Debug|x64.Build.0 = Debug|x64
		{963C1BF8-CBD9-4220-BAAC-38213111D64A}.Debug|x86.ActiveCfg = Debug|Win32
		{963C1BF8-CBD9-4220-BAAC-38213111D64A}.Debug|x86.Build.0 = Debug|Win32
		{963C1BF8-CBD9-4220-BAAC-38213111D64A}.Release|x64.ActiveCfg = Release|x64
		{963C1BF8-CBD9-4220-BAAC-38213111D64A}.Release|x64.Build.0 = Release|x64
		{963C1BF8-CBD9-4220-BAAC-38213111D64A}.Release|x86.ActiveCfg = Release|Win32
		{963C1BF8-CBD9-4220-BAAC-38213111D64A}.Release|x86.Build.0 = Release|Win32
		{6CC92B91-9BF4-42CB-9E6F-AC4A2F32E5A9}.Debug|x64.ActiveCfg = Debug|x64
		{6CC92B91-9BF4-42CB-9E6F-AC4A2F32E5A9}.Debug|x64.Build.0 = Debug|x64
		{6CC92B91-9BF4-42CB-9E6F-AC4A2F32E5A9}.Debug|x86.ActiveCfg = Debug|Win32
		{6CC92B91-9BF4-42CB-9E6F-AC4A2F32E5A9}.Debug|x86.Build.0 = Debug|Win32
		{6CC92B91-9BF4-42CB-9E6F-AC4A2F32E5A9}.Release|x64.ActiveCfg = Release|x64
		{6CC92B91-9BF4-42CB-9E6F-AC4A2F32E5A9}.Release|x64.Build.0 = Release|x64
		{6CC92B91-9BF4-42CB-9E6F-AC4A2F32E5A9}.Release|x86.ActiveCfg = Release|Win32
		{6CC92B91-9BF4-42CB-9E6F-AC4A2F32E5A9}.Release|x86.Build.0 = Release|Win32
		{A79229C3-4A3C-4923-AE64-C8FD5C8599D0}.Debug|x64.ActiveCfg = Debug|x64
		{A79229C3-4A3C-4923-AE64-C8FD5C8599D0}.Debug|x64.Build.0 = Debug|x64
		{A79229C3-4A3C-4923-AE64-C8FD5C8599D0}.Debug|x86.ActiveCfg = Debug|Win32
		{A79229C3-4A3C-4923-AE64-C8FD5C8599D0}.Debug|x86.Build.0 = Debug|Win32
		{A79229C3-4A3C-4923-AE64-C8FD5C8599D0}.Release|x64.ActiveCfg = Release|x64
		{A79229C3-4A3C-4923-AE64-C8FD5C8599D0}.Release|x64.Build.0 = Release|x64
		{A79229C3-4A3C-4923-AE64-C8FD5C8599D0}.Release|x86.ActiveCfg = Release|Win32
		{A79229C3-4A3C-4923-AE64-C8FD5C8599D0}.Release|x86.Build.0 = Release|Win32
		{14910888-0249-42FE-8141-FD3C96B798BB}.Debug|x64.ActiveCfg = Debug|x64
		{14910888-0249-42FE-8141-FD3C96B798BB}.Debug|x64.Build.0 = Debug|x64
		{14910888-0249-42FE-8141-FD3C96B798BB}.Debug|x86.ActiveCfg = Debug|Win32
		{14910888-0249-42FE-8141-FD3C96B798BB}.Debug|x86.Build.0 = Debug|Win32
		{14910888-0249-42FE-8141-FD3C96B798BB}.Release|x64.ActiveCfg = Release|x64
		{14910888-0249-42FE-8141-FD3C96B798BB}.Release|x64.Build.0 = Release|x64
		{14910888-0249-42FE-8141-FD3C96B798BB}.Release|x86.ActiveCfg = Release|Win32
		{14910888-0249-42FE-8141-FD3C96B798BB}.Release|x86.Build.0 = Release|Win32
		{F6B93EF2-EA01-412D-9652-324DFD083DE0}.Debug|x64.ActiveCfg = Debug|x64
		{F6B93EF2-EA01-412D-9652-324DFD083DE0}.Debug|x64.Build.0 = Debug|x64
		{F6B93EF2-EA01-412D-9652-324DFD083DE0}.Debug|x86.ActiveCfg = Debug|Win32
		{F6B93EF2-EA01-412D-9652-324DFD083DE0}.Debug|x86.Build.0 = Debug|Win32
		{F6B93EF2-EA01-412D-9652-324DFD083DE0}.Release|x64.ActiveCfg = Release|x64
		{F6B93EF2-EA01-412D-9652-324DFD083DE0}.Release|x64.Build.0 = Release|x64
		{F6B93EF2-EA01-412D-9652-324DFD083DE0}.Release|x86.ActiveCfg = Release|Win32
		{F6B93EF2-EA01-412D-9652-324DFD083DE0}.Release|x86.Build.0 = Release|Win32
		{E45CFFA4-F574-4D8C-AC7E-6F6737DDE756}.Debug|x64.ActiveCfg = Debug|x64
		{E45CFFA4-F574-4D8C-AC7E-6F6737DDE756}.Debug|x64.Build.0 = Debug|x64
		{E45CFFA4-F574-4D8C-AC7E-6F6737DDE756}.Debug|x86.ActiveCfg = Debug|Win32
		{E45CFFA4-F574-4D8C-AC7E-6F6737DDE756}.Debug|x86.Build.0 = Debug|Win32
		{E45CFFA4-F574-4D8C-AC7E-6F6737DDE756}.Release|x64.ActiveCfg = Release|x64
		{E45CFFA4-F574-4D8C-AC7E-6F6737DDE756}.Release|x64.Build.0 = Release|x64
		{E45CFFA4-F574-4D8C-AC7E-6F6737DDE756}.Release|x86.ActiveCfg = Release|Win32
		{E45CFFA4-F574-4D8C-AC7E-6F6737DDE756}.Release|x86.Build.0 = Release|Win32
		{5FE4D32E-C9BE-4FBA-9597-B695155B1276}.Debug|x64.ActiveCfg = Debug|x64
		{5FE4D32E-C9BE-4FBA-9597-B695155B1276}.Debug|x64.Build.0 = Debug|x64
		{5FE4D32E-C9BE-4FBA-9597-B695155B1276}.Debug|x86.ActiveCfg = Debug|Win32
		{5FE4D32E-C9BE-4FBA-9597-B695155B1276}.Debug|x86.Build.0 = Debug|Win32
		{5FE4D32E-C9BE-4FBA-9597-B695155B1276}.Release|x64.ActiveCfg = Release|x64
		{5FE4D32E-C9BE-4FBA-9597-B695155B1276}.Release|x64.Build.0 = Release|x64
		{5FE4D32E-C9BE-4FBA-9597-B695155B1276}.Release|x86.ActiveCfg = Release|Win32
		{5FE4D32E-C9BE-4FBA-9597-B695155B1276}.Release|x86.Build.0 = Release|Win32
		{685F4995-0E2A-4931-B3F7-33CC7DB7B929}.Debug|x64.ActiveCfg = Debug|x64
		{685F4995-0E2A-4931-B3F7-33CC7DB7B929}.Debug|x64.Build.0 = Debug|x64
		{685F4995-0E2A-4931-B3F7-33CC7DB7B929}.Debug|x86.ActiveCfg = Debug|Win32
		{685F4995-0E2A-4931-B3F7-33CC7DB7B929}.Debug|x86.Build.0 = Debug|Win32
		{685F4995-0E2A-4931-B3F7-33CC7DB7B929}.Release|x64.ActiveCfg = Release|x64
		{685F4995-0E2A-4931-B3F7-33CC7DB7B929}.Release|x64.Build.0 = Release|x64
		{685F4995-0E2A-4931-B3F7-33CC7DB7B929}.Release|x86.ActiveCfg = Release|Win32
		{685F4995-0E2A-4931-B3F7-33CC7DB7B929}.Release|x86.Build.0 = Release|Win32
		{D8D1FA59-3BBF-4D1A-BE26-747ABE46CC58}.Debug|x64.ActiveCfg = Debug|x64
		{D8D1FA59-3BBF-4D1A-BE26-747ABE46CC58}.Debug|x64.Build.0 = Debug|x64
		{D8D1FA59-3BBF-4D1A-BE26-747ABE46CC58}.Debug|x86.ActiveCfg = Debug|Win32
		{D8D1FA59-3BBF-4D1A-BE26-747ABE46CC58}.Debug|x86.Build.0 = Debug|Win32
		{D8D1FA59-3BBF-4D1A-BE26-747ABE46CC58}.Release|x64.ActiveCfg = Release|x64
		{D8D1FA59-3BBF-4D1A-BE26-747ABE46CC58}.Release|x64.Build.0 = Release|x64
		{D8D1FA59-3BBF-4D1A-BE26-747ABE46CC58}.Release|x86.ActiveCfg = Release|Win32
		{D8D1FA59-3BBF-4D1A-BE26-747ABE46CC58}.Release|x86.Build.0 = Release|Win32
	EndGlobalSection
	GlobalSection(SolutionProperties) = preSolution
		HideSolutionNode = FALSE
	EndGlobalSection
	GlobalSection(ExtensibilityGlobals) = postSolution
		SolutionGuid = {A0641E10-41D6-47A9-9479-68A248A4772F}
	EndGlobalSection
EndGlobal
