
Microsoft Visual Studio Solution File, Format Version 12.00
# Visual Studio Version 16
VisualStudioVersion = 16.0.29403.142
MinimumVisualStudioVersion = 10.0.40219.1
Project("{8BC9CEB8-8B4A-11D0-8D11-00A0C91BC942}") = "OperationApplication01", "OperationApplication01\OperationApplication01.vcxproj", "{8576AC5D-FB5E-430D-877A-36BC63EACD21}"
EndProject
Project("{8BC9CEB8-8B4A-11D0-8D11-00A0C91BC942}") = "OperationApplication02", "OperationApplication02\OperationApplication02.vcxproj", "{49BA859F-8526-4D62-820A-E3BDA8102449}"
EndProject
Project("{8BC9CEB8-8B4A-11D0-8D11-00A0C91BC942}") = "OperationApplication03", "OperationApplication03\OperationApplication03.vcxproj", "{F9E48552-C9AB-4320-B15B-4222111565FF}"
EndProject
Project("{8BC9CEB8-8B4A-11D0-8D11-00A0C91BC942}") = "OperationApplication04", "OperationApplication04\OperationApplication04.vcxproj", "{963C1BF8-CBD9-4220-BAAC-38213111D64A}"
EndProject
Project("{8BC9CEB8-8B4A-11D0-8D11-00A0C91BC942}") = "OperationApplication05", "OperationApplication05\OperationApplication05.vcxproj", "{6CC92B91-9BF4-42CB-9E6F-AC4A2F32E5A9}"
EndProject
Project("{8BC9CEB8-8B4A-11D0-8D11-00A0C91BC942}") = "OperationApplication06", "OperationApplication06\OperationApplication06.vcxproj", "{A79229C3-4A3C-4923-AE64-C8FD5C8599D0}"
EndProject
Project("{8BC9CEB8-8B4A-11D0-8D11-00A0C91BC942}") = "OperationApplication07", "OperationApplication07\OperationApplication07.vcxproj", "{14910888-0249-42FE-8141-FD3C96B798BB}"
EndProject
Project("{8BC9CEB8-8B4A-11D0-8D11-00A0C91BC942}") = "OperationApplication08", "OperationApplication08\OperationApplication08.vcxproj", "{F6B93EF2-EA01-412D-9652-324DFD083DE0}"
EndProject
Project("{8BC9CEB8-8B4A-11D0-8D11-00A0C91BC942}") = "OperationApplication09", "OperationApplication09\OperationApplication09.vcxproj", "{E45CFFA4-F574-4D8C-AC7E-6F6737DDE756}"
EndProject
Project("{8BC9CEB8-8B4A-11D0-8D11-00A0C91BC942}") = "OperationApplication10", "OperationApplication10\OperationApplication10.vcxproj", "{5FE4D32E-C9BE-4FBA-9597-B695155B1276}"
EndProject
Project("{8BC9CEB8-8B4A-11D0-8D11-00A0C91BC942}") = "OperationApplication11", "OperationApplication11\OperationApplication11.vcxproj", "{685F4995-0E2A-4931-B3F7-33CC7DB7B929}"
EndProject
Project("{8BC9CEB8-8B4A-11D0-8D11-00A0C91BC942}") = "OperationApplication12", "OperationApplication12\OperationApplication12.vcxproj", "{D8D1FA59-3BBF-4D1A-BE26-747ABE46CC58}"
EndProject
Project("{8BC9CEB8-8B4A-11D0-8D11-00A0C91BC942}") = "Test", "Test\Test.vcxproj", "{0654AA13-9E8A-49E3-9AB9-6D4BB58C7443}"
EndProject
Project("{8BC9CEB8-8B4A-11D0-8D11-00A0C91BC942}") = "OperationApplication13", "OperationApplication13\OperationApplication13.vcxproj", "{44FB04BD-767F-4BBA-B4A2-638FDEF07E9D}"
EndProject
Project("{8BC9CEB8-8B4A-11D0-8D11-00A0C91BC942}") = "OperationApplication14", "OperationApplication14\OperationApplication14.vcxproj", "{6EBDC81D-3787-4726-B9FD-45B0269ED4D6}"
EndProject
Project("{8BC9CEB8-8B4A-11D0-8D11-00A0C91BC942}") = "OperationApplication15", "OperationApplication15\OperationApplication15.vcxproj", "{614CA3E0-A97B-4A89-9ACB-0111F5DE1E8E}"
EndProject
Project("{8BC9CEB8-8B4A-11D0-8D11-00A0C91BC942}") = "OperationApplication16", "OperationApplication16\OperationApplication16.vcxproj", "{7236828D-DDD8-445C-9F34-7E2AB275BFB1}"
EndProject
Project("{8BC9CEB8-8B4A-11D0-8D11-00A0C91BC942}") = "OperationApplication17", "OperationApplication17\OperationApplication17.vcxproj", "{762BFF09-E2FB-4E15-A19C-738C6E7AEC7F}"
EndProject
Project("{8BC9CEB8-8B4A-11D0-8D11-00A0C91BC942}") = "OperationApplication18", "OperationApplication18\OperationApplication18.vcxproj", "{CFFD1E80-18AB-4340-ACBF-F73923B34B9E}"
EndProject
Project("{8BC9CEB8-8B4A-11D0-8D11-00A0C91BC942}") = "OperationApplication19", "OperationApplication19\OperationApplication19.vcxproj", "{9C2398F1-EBD4-4E36-81A4-64A38C270BB3}"
EndProject
Project("{8BC9CEB8-8B4A-11D0-8D11-00A0C91BC942}") = "OperationApplication20", "OperationApplication20\OperationApplication20.vcxproj", "{549EC08C-2A16-4FB7-B334-3937C1EE4AF4}"
EndProject
Project("{8BC9CEB8-8B4A-11D0-8D11-00A0C91BC942}") = "OperationApplication21", "OperationApplication21\OperationApplication21.vcxproj", "{86C08307-D3A9-4A08-9483-18AFBC8374C1}"
EndProject
Project("{8BC9CEB8-8B4A-11D0-8D11-00A0C91BC942}") = "OperationApplication22", "OperationApplication22\OperationApplication22.vcxproj", "{33CAFCD5-30B4-4F17-9746-1546CE5B4BCB}"
EndProject
Project("{8BC9CEB8-8B4A-11D0-8D11-00A0C91BC942}") = "OperationApplication23", "OperationApplication23\OperationApplication23.vcxproj", "{7143FE0D-4EB0-4613-8004-8EE86EC7574C}"
EndProject
Project("{8BC9CEB8-8B4A-11D0-8D11-00A0C91BC942}") = "OperationApplication24", "OperationApplication24\OperationApplication24.vcxproj", "{9A4A452A-BF3C-4A07-B36A-B9880B807EA7}"
EndProject
Project("{8BC9CEB8-8B4A-11D0-8D11-00A0C91BC942}") = "OperationApplication25", "OperationApplication25\OperationApplication25.vcxproj", "{7C177737-12AA-4025-8E36-FB3C39C4C0F4}"
EndProject
Project("{8BC9CEB8-8B4A-11D0-8D11-00A0C91BC942}") = "OperationApplication26", "OperationApplication26\OperationApplication26.vcxproj", "{0BEE671C-6467-4B83-9141-E2591E31844F}"
EndProject
Project("{8BC9CEB8-8B4A-11D0-8D11-00A0C91BC942}") = "OperationApplication27", "OperationApplication27\OperationApplication27.vcxproj", "{1836FC8C-6A82-4C09-9BEF-738A04B78F49}"
EndProject
Project("{8BC9CEB8-8B4A-11D0-8D11-00A0C91BC942}") = "OperationApplication28", "OperationApplication28\OperationApplication28.vcxproj", "{C4FB45B8-5E84-4E74-85B3-4D2A7FBBB437}"
EndProject
Project("{8BC9CEB8-8B4A-11D0-8D11-00A0C91BC942}") = "OperationApplication29", "OperationApplication29\OperationApplication29.vcxproj", "{8527F415-CAD7-436F-A49B-7EF8D3F84126}"
EndProject
Global
	GlobalSection(SolutionConfigurationPlatforms) = preSolution
		Debug|x64 = Debug|x64
		Debug|x86 = Debug|x86
		Release|x64 = Release|x64
		Release|x86 = Release|x86
	EndGlobalSection
	GlobalSection(ProjectConfigurationPlatforms) = postSolution
		{8576AC5D-FB5E-430D-877A-36BC63EACD21}.Debug|x64.ActiveCfg = Debug|x64
		{8576AC5D-FB5E-430D-877A-36BC63EACD21}.Debug|x64.Build.0 = Debug|x64
		{8576AC5D-FB5E-430D-877A-36BC63EACD21}.Debug|x86.ActiveCfg = Debug|Win32
		{8576AC5D-FB5E-430D-877A-36BC63EACD21}.Debug|x86.Build.0 = Debug|Win32
		{8576AC5D-FB5E-430D-877A-36BC63EACD21}.Release|x64.ActiveCfg = Release|x64
		{8576AC5D-FB5E-430D-877A-36BC63EACD21}.Release|x64.Build.0 = Release|x64
		{8576AC5D-FB5E-430D-877A-36BC63EACD21}.Release|x86.ActiveCfg = Release|Win32
		{8576AC5D-FB5E-430D-877A-36BC63EACD21}.Release|x86.Build.0 = Release|Win32
		{49BA859F-8526-4D62-820A-E3BDA8102449}.Debug|x64.ActiveCfg = Debug|x64
		{49BA859F-8526-4D62-820A-E3BDA8102449}.Debug|x64.Build.0 = Debug|x64
		{49BA859F-8526-4D62-820A-E3BDA8102449}.Debug|x86.ActiveCfg = Debug|Win32
		{49BA859F-8526-4D62-820A-E3BDA8102449}.Debug|x86.Build.0 = Debug|Win32
		{49BA859F-8526-4D62-820A-E3BDA8102449}.Release|x64.ActiveCfg = Release|x64
		{49BA859F-8526-4D62-820A-E3BDA8102449}.Release|x64.Build.0 = Release|x64
		{49BA859F-8526-4D62-820A-E3BDA8102449}.Release|x86.ActiveCfg = Release|Win32
		{49BA859F-8526-4D62-820A-E3BDA8102449}.Release|x86.Build.0 = Release|Win32
		{F9E48552-C9AB-4320-B15B-4222111565FF}.Debug|x64.ActiveCfg = Debug|x64
		{F9E48552-C9AB-4320-B15B-4222111565FF}.Debug|x64.Build.0 = Debug|x64
		{F9E48552-C9AB-4320-B15B-4222111565FF}.Debug|x86.ActiveCfg = Debug|Win32
		{F9E48552-C9AB-4320-B15B-4222111565FF}.Debug|x86.Build.0 = Debug|Win32
		{F9E48552-C9AB-4320-B15B-4222111565FF}.Release|x64.ActiveCfg = Release|x64
		{F9E48552-C9AB-4320-B15B-4222111565FF}.Release|x64.Build.0 = Release|x64
		{F9E48552-C9AB-4320-B15B-4222111565FF}.Release|x86.ActiveCfg = Release|Win32
		{F9E48552-C9AB-4320-B15B-4222111565FF}.Release|x86.Build.0 = Release|Win32
		{963C1BF8-CBD9-4220-BAAC-38213111D64A}.Debug|x64.ActiveCfg = Debug|x64
		{963C1BF8-CBD9-4220-BAAC-38213111D64A}.Debug|x64.Build.0 = Debug|x64
		{963C1BF8-CBD9-4220-BAAC-38213111D64A}.Debug|x86.ActiveCfg = Debug|Win32
		{963C1BF8-CBD9-4220-BAAC-38213111D64A}.Debug|x86.Build.0 = Debug|Win32
		{963C1BF8-CBD9-4220-BAAC-38213111D64A}.Release|x64.ActiveCfg = Release|x64
		{963C1BF8-CBD9-4220-BAAC-38213111D64A}.Release|x64.Build.0 = Release|x64
		{963C1BF8-CBD9-4220-BAAC-38213111D64A}.Release|x86.ActiveCfg = Release|Win32
		{963C1BF8-CBD9-4220-BAAC-38213111D64A}.Release|x86.Build.0 = Release|Win32
		{6CC92B91-9BF4-42CB-9E6F-AC4A2F32E5A9}.Debug|x64.ActiveCfg = Debug|x64
		{6CC92B91-9BF4-42CB-9E6F-AC4A2F32E5A9}.Debug|x64.Build.0 = Debug|x64
		{6CC92B91-9BF4-42CB-9E6F-AC4A2F32E5A9}.Debug|x86.ActiveCfg = Debug|Win32
		{6CC92B91-9BF4-42CB-9E6F-AC4A2F32E5A9}.Debug|x86.Build.0 = Debug|Win32
		{6CC92B91-9BF4-42CB-9E6F-AC4A2F32E5A9}.Release|x64.ActiveCfg = Release|x64
		{6CC92B91-9BF4-42CB-9E6F-AC4A2F32E5A9}.Release|x64.Build.0 = Release|x64
		{6CC92B91-9BF4-42CB-9E6F-AC4A2F32E5A9}.Release|x86.ActiveCfg = Release|Win32
		{6CC92B91-9BF4-42CB-9E6F-AC4A2F32E5A9}.Release|x86.Build.0 = Release|Win32
		{A79229C3-4A3C-4923-AE64-C8FD5C8599D0}.Debug|x64.ActiveCfg = Debug|x64
		{A79229C3-4A3C-4923-AE64-C8FD5C8599D0}.Debug|x64.Build.0 = Debug|x64
		{A79229C3-4A3C-4923-AE64-C8FD5C8599D0}.Debug|x86.ActiveCfg = Debug|Win32
		{A79229C3-4A3C-4923-AE64-C8FD5C8599D0}.Debug|x86.Build.0 = Debug|Win32
		{A79229C3-4A3C-4923-AE64-C8FD5C8599D0}.Release|x64.ActiveCfg = Release|x64
		{A79229C3-4A3C-4923-AE64-C8FD5C8599D0}.Release|x64.Build.0 = Release|x64
		{A79229C3-4A3C-4923-AE64-C8FD5C8599D0}.Release|x86.ActiveCfg = Release|Win32
		{A79229C3-4A3C-4923-AE64-C8FD5C8599D0}.Release|x86.Build.0 = Release|Win32
		{14910888-0249-42FE-8141-FD3C96B798BB}.Debug|x64.ActiveCfg = Debug|x64
		{14910888-0249-42FE-8141-FD3C96B798BB}.Debug|x64.Build.0 = Debug|x64
		{14910888-0249-42FE-8141-FD3C96B798BB}.Debug|x86.ActiveCfg = Debug|Win32
		{14910888-0249-42FE-8141-FD3C96B798BB}.Debug|x86.Build.0 = Debug|Win32
		{14910888-0249-42FE-8141-FD3C96B798BB}.Release|x64.ActiveCfg = Release|x64
		{14910888-0249-42FE-8141-FD3C96B798BB}.Release|x64.Build.0 = Release|x64
		{14910888-0249-42FE-8141-FD3C96B798BB}.Release|x86.ActiveCfg = Release|Win32
		{14910888-0249-42FE-8141-FD3C96B798BB}.Release|x86.Build.0 = Release|Win32
		{F6B93EF2-EA01-412D-9652-324DFD083DE0}.Debug|x64.ActiveCfg = Debug|x64
		{F6B93EF2-EA01-412D-9652-324DFD083DE0}.Debug|x64.Build.0 = Debug|x64
		{F6B93EF2-EA01-412D-9652-324DFD083DE0}.Debug|x86.ActiveCfg = Debug|Win32
		{F6B93EF2-EA01-412D-9652-324DFD083DE0}.Debug|x86.Build.0 = Debug|Win32
		{F6B93EF2-EA01-412D-9652-324DFD083DE0}.Release|x64.ActiveCfg = Release|x64
		{F6B93EF2-EA01-412D-9652-324DFD083DE0}.Release|x64.Build.0 = Release|x64
		{F6B93EF2-EA01-412D-9652-324DFD083DE0}.Release|x86.ActiveCfg = Release|Win32
		{F6B93EF2-EA01-412D-9652-324DFD083DE0}.Release|x86.Build.0 = Release|Win32
		{E45CFFA4-F574-4D8C-AC7E-6F6737DDE756}.Debug|x64.ActiveCfg = Debug|x64
		{E45CFFA4-F574-4D8C-AC7E-6F6737DDE756}.Debug|x64.Build.0 = Debug|x64
		{E45CFFA4-F574-4D8C-AC7E-6F6737DDE756}.Debug|x86.ActiveCfg = Debug|Win32
		{E45CFFA4-F574-4D8C-AC7E-6F6737DDE756}.Debug|x86.Build.0 = Debug|Win32
		{E45CFFA4-F574-4D8C-AC7E-6F6737DDE756}.Release|x64.ActiveCfg = Release|x64
		{E45CFFA4-F574-4D8C-AC7E-6F6737DDE756}.Release|x64.Build.0 = Release|x64
		{E45CFFA4-F574-4D8C-AC7E-6F6737DDE756}.Release|x86.ActiveCfg = Release|Win32
		{E45CFFA4-F574-4D8C-AC7E-6F6737DDE756}.Release|x86.Build.0 = Release|Win32
		{5FE4D32E-C9BE-4FBA-9597-B695155B1276}.Debug|x64.ActiveCfg = Debug|x64
		{5FE4D32E-C9BE-4FBA-9597-B695155B1276}.Debug|x64.Build.0 = Debug|x64
		{5FE4D32E-C9BE-4FBA-9597-B695155B1276}.Debug|x86.ActiveCfg = Debug|Win32
		{5FE4D32E-C9BE-4FBA-9597-B695155B1276}.Debug|x86.Build.0 = Debug|Win32
		{5FE4D32E-C9BE-4FBA-9597-B695155B1276}.Release|x64.ActiveCfg = Release|x64
		{5FE4D32E-C9BE-4FBA-9597-B695155B1276}.Release|x64.Build.0 = Release|x64
		{5FE4D32E-C9BE-4FBA-9597-B695155B1276}.Release|x86.ActiveCfg = Release|Win32
		{5FE4D32E-C9BE-4FBA-9597-B695155B1276}.Release|x86.Build.0 = Release|Win32
		{685F4995-0E2A-4931-B3F7-33CC7DB7B929}.Debug|x64.ActiveCfg = Debug|x64
		{685F4995-0E2A-4931-B3F7-33CC7DB7B929}.Debug|x64.Build.0 = Debug|x64
		{685F4995-0E2A-4931-B3F7-33CC7DB7B929}.Debug|x86.ActiveCfg = Debug|Win32
		{685F4995-0E2A-4931-B3F7-33CC7DB7B929}.Debug|x86.Build.0 = Debug|Win32
		{685F4995-0E2A-4931-B3F7-33CC7DB7B929}.Release|x64.ActiveCfg = Release|x64
		{685F4995-0E2A-4931-B3F7-33CC7DB7B929}.Release|x64.Build.0 = Release|x64
		{685F4995-0E2A-4931-B3F7-33CC7DB7B929}.Release|x86.ActiveCfg = Release|Win32
		{685F4995-0E2A-4931-B3F7-33CC7DB7B929}.Release|x86.Build.0 = Release|Win32
		{D8D1FA59-3BBF-4D1A-BE26-747ABE46CC58}.Debug|x64.ActiveCfg = Debug|x64
		{D8D1FA59-3BBF-4D1A-BE26-747ABE46CC58}.Debug|x64.Build.0 = Debug|x64
		{D8D1FA59-3BBF-4D1A-BE26-747ABE46CC58}.Debug|x86.ActiveCfg = Debug|Win32
		{D8D1FA59-3BBF-4D1A-BE26-747ABE46CC58}.Debug|x86.Build.0 = Debug|Win32
		{D8D1FA59-3BBF-4D1A-BE26-747ABE46CC58}.Release|x64.ActiveCfg = Release|x64
		{D8D1FA59-3BBF-4D1A-BE26-747ABE46CC58}.Release|x64.Build.0 = Release|x64
		{D8D1FA59-3BBF-4D1A-BE26-747ABE46CC58}.Release|x86.ActiveCfg = Release|Win32
		{D8D1FA59-3BBF-4D1A-BE26-747ABE46CC58}.Release|x86.Build.0 = Release|Win32
		{0654AA13-9E8A-49E3-9AB9-6D4BB58C7443}.Debug|x64.ActiveCfg = Debug|x64
		{0654AA13-9E8A-49E3-9AB9-6D4BB58C7443}.Debug|x64.Build.0 = Debug|x64
		{0654AA13-9E8A-49E3-9AB9-6D4BB58C7443}.Debug|x86.ActiveCfg = Debug|Win32
		{0654AA13-9E8A-49E3-9AB9-6D4BB58C7443}.Debug|x86.Build.0 = Debug|Win32
		{0654AA13-9E8A-49E3-9AB9-6D4BB58C7443}.Release|x64.ActiveCfg = Release|x64
		{0654AA13-9E8A-49E3-9AB9-6D4BB58C7443}.Release|x64.Build.0 = Release|x64
		{0654AA13-9E8A-49E3-9AB9-6D4BB58C7443}.Release|x86.ActiveCfg = Release|Win32
		{0654AA13-9E8A-49E3-9AB9-6D4BB58C7443}.Release|x86.Build.0 = Release|Win32
		{44FB04BD-767F-4BBA-B4A2-638FDEF07E9D}.Debug|x64.ActiveCfg = Debug|x64
		{44FB04BD-767F-4BBA-B4A2-638FDEF07E9D}.Debug|x64.Build.0 = Debug|x64
		{44FB04BD-767F-4BBA-B4A2-638FDEF07E9D}.Debug|x86.ActiveCfg = Debug|Win32
		{44FB04BD-767F-4BBA-B4A2-638FDEF07E9D}.Debug|x86.Build.0 = Debug|Win32
		{44FB04BD-767F-4BBA-B4A2-638FDEF07E9D}.Release|x64.ActiveCfg = Release|x64
		{44FB04BD-767F-4BBA-B4A2-638FDEF07E9D}.Release|x64.Build.0 = Release|x64
		{44FB04BD-767F-4BBA-B4A2-638FDEF07E9D}.Release|x86.ActiveCfg = Release|Win32
		{44FB04BD-767F-4BBA-B4A2-638FDEF07E9D}.Release|x86.Build.0 = Release|Win32
		{6EBDC81D-3787-4726-B9FD-45B0269ED4D6}.Debug|x64.ActiveCfg = Debug|x64
		{6EBDC81D-3787-4726-B9FD-45B0269ED4D6}.Debug|x64.Build.0 = Debug|x64
		{6EBDC81D-3787-4726-B9FD-45B0269ED4D6}.Debug|x86.ActiveCfg = Debug|Win32
		{6EBDC81D-3787-4726-B9FD-45B0269ED4D6}.Debug|x86.Build.0 = Debug|Win32
		{6EBDC81D-3787-4726-B9FD-45B0269ED4D6}.Release|x64.ActiveCfg = Release|x64
		{6EBDC81D-3787-4726-B9FD-45B0269ED4D6}.Release|x64.Build.0 = Release|x64
		{6EBDC81D-3787-4726-B9FD-45B0269ED4D6}.Release|x86.ActiveCfg = Release|Win32
		{6EBDC81D-3787-4726-B9FD-45B0269ED4D6}.Release|x86.Build.0 = Release|Win32
		{614CA3E0-A97B-4A89-9ACB-0111F5DE1E8E}.Debug|x64.ActiveCfg = Debug|x64
		{614CA3E0-A97B-4A89-9ACB-0111F5DE1E8E}.Debug|x64.Build.0 = Debug|x64
		{614CA3E0-A97B-4A89-9ACB-0111F5DE1E8E}.Debug|x86.ActiveCfg = Debug|Win32
		{614CA3E0-A97B-4A89-9ACB-0111F5DE1E8E}.Debug|x86.Build.0 = Debug|Win32
		{614CA3E0-A97B-4A89-9ACB-0111F5DE1E8E}.Release|x64.ActiveCfg = Release|x64
		{614CA3E0-A97B-4A89-9ACB-0111F5DE1E8E}.Release|x64.Build.0 = Release|x64
		{614CA3E0-A97B-4A89-9ACB-0111F5DE1E8E}.Release|x86.ActiveCfg = Release|Win32
		{614CA3E0-A97B-4A89-9ACB-0111F5DE1E8E}.Release|x86.Build.0 = Release|Win32
		{7236828D-DDD8-445C-9F34-7E2AB275BFB1}.Debug|x64.ActiveCfg = Debug|x64
		{7236828D-DDD8-445C-9F34-7E2AB275BFB1}.Debug|x64.Build.0 = Debug|x64
		{7236828D-DDD8-445C-9F34-7E2AB275BFB1}.Debug|x86.ActiveCfg = Debug|Win32
		{7236828D-DDD8-445C-9F34-7E2AB275BFB1}.Debug|x86.Build.0 = Debug|Win32
		{7236828D-DDD8-445C-9F34-7E2AB275BFB1}.Release|x64.ActiveCfg = Release|x64
		{7236828D-DDD8-445C-9F34-7E2AB275BFB1}.Release|x64.Build.0 = Release|x64
		{7236828D-DDD8-445C-9F34-7E2AB275BFB1}.Release|x86.ActiveCfg = Release|Win32
		{7236828D-DDD8-445C-9F34-7E2AB275BFB1}.Release|x86.Build.0 = Release|Win32
		{762BFF09-E2FB-4E15-A19C-738C6E7AEC7F}.Debug|x64.ActiveCfg = Debug|x64
		{762BFF09-E2FB-4E15-A19C-738C6E7AEC7F}.Debug|x64.Build.0 = Debug|x64
		{762BFF09-E2FB-4E15-A19C-738C6E7AEC7F}.Debug|x86.ActiveCfg = Debug|Win32
		{762BFF09-E2FB-4E15-A19C-738C6E7AEC7F}.Debug|x86.Build.0 = Debug|Win32
		{762BFF09-E2FB-4E15-A19C-738C6E7AEC7F}.Release|x64.ActiveCfg = Release|x64
		{762BFF09-E2FB-4E15-A19C-738C6E7AEC7F}.Release|x64.Build.0 = Release|x64
		{762BFF09-E2FB-4E15-A19C-738C6E7AEC7F}.Release|x86.ActiveCfg = Release|Win32
		{762BFF09-E2FB-4E15-A19C-738C6E7AEC7F}.Release|x86.Build.0 = Release|Win32
		{CFFD1E80-18AB-4340-ACBF-F73923B34B9E}.Debug|x64.ActiveCfg = Debug|x64
		{CFFD1E80-18AB-4340-ACBF-F73923B34B9E}.Debug|x64.Build.0 = Debug|x64
		{CFFD1E80-18AB-4340-ACBF-F73923B34B9E}.Debug|x86.ActiveCfg = Debug|Win32
		{CFFD1E80-18AB-4340-ACBF-F73923B34B9E}.Debug|x86.Build.0 = Debug|Win32
		{CFFD1E80-18AB-4340-ACBF-F73923B34B9E}.Release|x64.ActiveCfg = Release|x64
		{CFFD1E80-18AB-4340-ACBF-F73923B34B9E}.Release|x64.Build.0 = Release|x64
		{CFFD1E80-18AB-4340-ACBF-F73923B34B9E}.Release|x86.ActiveCfg = Release|Win32
		{CFFD1E80-18AB-4340-ACBF-F73923B34B9E}.Release|x86.Build.0 = Release|Win32
		{9C2398F1-EBD4-4E36-81A4-64A38C270BB3}.Debug|x64.ActiveCfg = Debug|x64
		{9C2398F1-EBD4-4E36-81A4-64A38C270BB3}.Debug|x64.Build.0 = Debug|x64
		{9C2398F1-EBD4-4E36-81A4-64A38C270BB3}.Debug|x86.ActiveCfg = Debug|Win32
		{9C2398F1-EBD4-4E36-81A4-64A38C270BB3}.Debug|x86.Build.0 = Debug|Win32
		{9C2398F1-EBD4-4E36-81A4-64A38C270BB3}.Release|x64.ActiveCfg = Release|x64
		{9C2398F1-EBD4-4E36-81A4-64A38C270BB3}.Release|x64.Build.0 = Release|x64
		{9C2398F1-EBD4-4E36-81A4-64A38C270BB3}.Release|x86.ActiveCfg = Release|Win32
		{9C2398F1-EBD4-4E36-81A4-64A38C270BB3}.Release|x86.Build.0 = Release|Win32
		{549EC08C-2A16-4FB7-B334-3937C1EE4AF4}.Debug|x64.ActiveCfg = Debug|x64
		{549EC08C-2A16-4FB7-B334-3937C1EE4AF4}.Debug|x64.Build.0 = Debug|x64
		{549EC08C-2A16-4FB7-B334-3937C1EE4AF4}.Debug|x86.ActiveCfg = Debug|Win32
		{549EC08C-2A16-4FB7-B334-3937C1EE4AF4}.Debug|x86.Build.0 = Debug|Win32
		{549EC08C-2A16-4FB7-B334-3937C1EE4AF4}.Release|x64.ActiveCfg = Release|x64
		{549EC08C-2A16-4FB7-B334-3937C1EE4AF4}.Release|x64.Build.0 = Release|x64
		{549EC08C-2A16-4FB7-B334-3937C1EE4AF4}.Release|x86.ActiveCfg = Release|Win32
		{549EC08C-2A16-4FB7-B334-3937C1EE4AF4}.Release|x86.Build.0 = Release|Win32
		{86C08307-D3A9-4A08-9483-18AFBC8374C1}.Debug|x64.ActiveCfg = Debug|x64
		{86C08307-D3A9-4A08-9483-18AFBC8374C1}.Debug|x64.Build.0 = Debug|x64
		{86C08307-D3A9-4A08-9483-18AFBC8374C1}.Debug|x86.ActiveCfg = Debug|Win32
		{86C08307-D3A9-4A08-9483-18AFBC8374C1}.Debug|x86.Build.0 = Debug|Win32
		{86C08307-D3A9-4A08-9483-18AFBC8374C1}.Release|x64.ActiveCfg = Release|x64
		{86C08307-D3A9-4A08-9483-18AFBC8374C1}.Release|x64.Build.0 = Release|x64
		{86C08307-D3A9-4A08-9483-18AFBC8374C1}.Release|x86.ActiveCfg = Release|Win32
		{86C08307-D3A9-4A08-9483-18AFBC8374C1}.Release|x86.Build.0 = Release|Win32
		{33CAFCD5-30B4-4F17-9746-1546CE5B4BCB}.Debug|x64.ActiveCfg = Debug|x64
		{33CAFCD5-30B4-4F17-9746-1546CE5B4BCB}.Debug|x64.Build.0 = Debug|x64
		{33CAFCD5-30B4-4F17-9746-1546CE5B4BCB}.Debug|x86.ActiveCfg = Debug|Win32
		{33CAFCD5-30B4-4F17-9746-1546CE5B4BCB}.Debug|x86.Build.0 = Debug|Win32
		{33CAFCD5-30B4-4F17-9746-1546CE5B4BCB}.Release|x64.ActiveCfg = Release|x64
		{33CAFCD5-30B4-4F17-9746-1546CE5B4BCB}.Release|x64.Build.0 = Release|x64
		{33CAFCD5-30B4-4F17-9746-1546CE5B4BCB}.Release|x86.ActiveCfg = Release|Win32
		{33CAFCD5-30B4-4F17-9746-1546CE5B4BCB}.Release|x86.Build.0 = Release|Win32
		{7143FE0D-4EB0-4613-8004-8EE86EC7574C}.Debug|x64.ActiveCfg = Debug|x64
		{7143FE0D-4EB0-4613-8004-8EE86EC7574C}.Debug|x64.Build.0 = Debug|x64
		{7143FE0D-4EB0-4613-8004-8EE86EC7574C}.Debug|x86.ActiveCfg = Debug|Win32
		{7143FE0D-4EB0-4613-8004-8EE86EC7574C}.Debug|x86.Build.0 = Debug|Win32
		{7143FE0D-4EB0-4613-8004-8EE86EC7574C}.Release|x64.ActiveCfg = Release|x64
		{7143FE0D-4EB0-4613-8004-8EE86EC7574C}.Release|x64.Build.0 = Release|x64
		{7143FE0D-4EB0-4613-8004-8EE86EC7574C}.Release|x86.ActiveCfg = Release|Win32
		{7143FE0D-4EB0-4613-8004-8EE86EC7574C}.Release|x86.Build.0 = Release|Win32
		{9A4A452A-BF3C-4A07-B36A-B9880B807EA7}.Debug|x64.ActiveCfg = Debug|x64
		{9A4A452A-BF3C-4A07-B36A-B9880B807EA7}.Debug|x64.Build.0 = Debug|x64
		{9A4A452A-BF3C-4A07-B36A-B9880B807EA7}.Debug|x86.ActiveCfg = Debug|Win32
		{9A4A452A-BF3C-4A07-B36A-B9880B807EA7}.Debug|x86.Build.0 = Debug|Win32
		{9A4A452A-BF3C-4A07-B36A-B9880B807EA7}.Release|x64.ActiveCfg = Release|x64
		{9A4A452A-BF3C-4A07-B36A-B9880B807EA7}.Release|x64.Build.0 = Release|x64
		{9A4A452A-BF3C-4A07-B36A-B9880B807EA7}.Release|x86.ActiveCfg = Release|Win32
		{9A4A452A-BF3C-4A07-B36A-B9880B807EA7}.Release|x86.Build.0 = Release|Win32
		{7C177737-12AA-4025-8E36-FB3C39C4C0F4}.Debug|x64.ActiveCfg = Debug|x64
		{7C177737-12AA-4025-8E36-FB3C39C4C0F4}.Debug|x64.Build.0 = Debug|x64
		{7C177737-12AA-4025-8E36-FB3C39C4C0F4}.Debug|x86.ActiveCfg = Debug|Win32
		{7C177737-12AA-4025-8E36-FB3C39C4C0F4}.Debug|x86.Build.0 = Debug|Win32
		{7C177737-12AA-4025-8E36-FB3C39C4C0F4}.Release|x64.ActiveCfg = Release|x64
		{7C177737-12AA-4025-8E36-FB3C39C4C0F4}.Release|x64.Build.0 = Release|x64
		{7C177737-12AA-4025-8E36-FB3C39C4C0F4}.Release|x86.ActiveCfg = Release|Win32
		{7C177737-12AA-4025-8E36-FB3C39C4C0F4}.Release|x86.Build.0 = Release|Win32
		{0BEE671C-6467-4B83-9141-E2591E31844F}.Debug|x64.ActiveCfg = Debug|x64
		{0BEE671C-6467-4B83-9141-E2591E31844F}.Debug|x64.Build.0 = Debug|x64
		{0BEE671C-6467-4B83-9141-E2591E31844F}.Debug|x86.ActiveCfg = Debug|Win32
		{0BEE671C-6467-4B83-9141-E2591E31844F}.Debug|x86.Build.0 = Debug|Win32
		{0BEE671C-6467-4B83-9141-E2591E31844F}.Release|x64.ActiveCfg = Release|x64
		{0BEE671C-6467-4B83-9141-E2591E31844F}.Release|x64.Build.0 = Release|x64
		{0BEE671C-6467-4B83-9141-E2591E31844F}.Release|x86.ActiveCfg = Release|Win32
		{0BEE671C-6467-4B83-9141-E2591E31844F}.Release|x86.Build.0 = Release|Win32
		{1836FC8C-6A82-4C09-9BEF-738A04B78F49}.Debug|x64.ActiveCfg = Debug|x64
		{1836FC8C-6A82-4C09-9BEF-738A04B78F49}.Debug|x64.Build.0 = Debug|x64
		{1836FC8C-6A82-4C09-9BEF-738A04B78F49}.Debug|x86.ActiveCfg = Debug|Win32
		{1836FC8C-6A82-4C09-9BEF-738A04B78F49}.Debug|x86.Build.0 = Debug|Win32
		{1836FC8C-6A82-4C09-9BEF-738A04B78F49}.Release|x64.ActiveCfg = Release|x64
		{1836FC8C-6A82-4C09-9BEF-738A04B78F49}.Release|x64.Build.0 = Release|x64
		{1836FC8C-6A82-4C09-9BEF-738A04B78F49}.Release|x86.ActiveCfg = Release|Win32
		{1836FC8C-6A82-4C09-9BEF-738A04B78F49}.Release|x86.Build.0 = Release|Win32
		{C4FB45B8-5E84-4E74-85B3-4D2A7FBBB437}.Debug|x64.ActiveCfg = Debug|x64
		{C4FB45B8-5E84-4E74-85B3-4D2A7FBBB437}.Debug|x64.Build.0 = Debug|x64
		{C4FB45B8-5E84-4E74-85B3-4D2A7FBBB437}.Debug|x86.ActiveCfg = Debug|Win32
		{C4FB45B8-5E84-4E74-85B3-4D2A7FBBB437}.Debug|x86.Build.0 = Debug|Win32
		{C4FB45B8-5E84-4E74-85B3-4D2A7FBBB437}.Release|x64.ActiveCfg = Release|x64
		{C4FB45B8-5E84-4E74-85B3-4D2A7FBBB437}.Release|x64.Build.0 = Release|x64
		{C4FB45B8-5E84-4E74-85B3-4D2A7FBBB437}.Release|x86.ActiveCfg = Release|Win32
		{C4FB45B8-5E84-4E74-85B3-4D2A7FBBB437}.Release|x86.Build.0 = Release|Win32
		{8527F415-CAD7-436F-A49B-7EF8D3F84126}.Debug|x64.ActiveCfg = Debug|x64
		{8527F415-CAD7-436F-A49B-7EF8D3F84126}.Debug|x64.Build.0 = Debug|x64
		{8527F415-CAD7-436F-A49B-7EF8D3F84126}.Debug|x86.ActiveCfg = Debug|Win32
		{8527F415-CAD7-436F-A49B-7EF8D3F84126}.Debug|x86.Build.0 = Debug|Win32
		{8527F415-CAD7-436F-A49B-7EF8D3F84126}.Release|x64.ActiveCfg = Release|x64
		{8527F415-CAD7-436F-A49B-7EF8D3F84126}.Release|x64.Build.0 = Release|x64
		{8527F415-CAD7-436F-A49B-7EF8D3F84126}.Release|x86.ActiveCfg = Release|Win32
		{8527F415-CAD7-436F-A49B-7EF8D3F84126}.Release|x86.Build.0 = Release|Win32
	EndGlobalSection
	GlobalSection(SolutionProperties) = preSolution
		HideSolutionNode = FALSE
	EndGlobalSection
	GlobalSection(ExtensibilityGlobals) = postSolution
		SolutionGuid = {A0641E10-41D6-47A9-9479-68A248A4772F}
	EndGlobalSection
EndGlobal
